
Microsoft Visual Studio Solution File, Format Version 12.00
# Visual Studio 14
VisualStudioVersion = 14.0.25420.1
MinimumVisualStudioVersion = 10.0.40219.1
Project("{FAE04EC0-301F-11D3-BF4B-00C04F79EFBC}") = "MediaNamingManager", "MediaNamingManager\MediaNamingManager.csproj", "{C614D08B-070B-48D6-A562-A0EA12F086C9}"
EndProject
Project("{FAE04EC0-301F-11D3-BF4B-00C04F79EFBC}") = "MediaNamingManager.Tests", "MediaNamingManager.Tests\MediaNamingManager.Tests.csproj", "{C25DE4CA-F5CB-49EC-8B84-CE25672A1974}"
EndProject
Project("{2150E333-8FDC-42A3-9474-1A3956D46DE8}") = "docs", "docs", "{69CBF8C4-4308-45A1-A607-ECE80AF79767}"
	ProjectSection(SolutionItems) = preProject
		readme.md = readme.md
	EndProjectSection
EndProject
Project("{FAE04EC0-301F-11D3-BF4B-00C04F79EFBC}") = "MediaWatcher", "MediaWatcher\MediaWatcher.csproj", "{407C959E-A9F3-41EF-8AD5-DCA433D5A681}"
EndProject
Global
	GlobalSection(SolutionConfigurationPlatforms) = preSolution
		Debug|Any CPU = Debug|Any CPU
		Release|Any CPU = Release|Any CPU
	EndGlobalSection
	GlobalSection(ProjectConfigurationPlatforms) = postSolution
		{C614D08B-070B-48D6-A562-A0EA12F086C9}.Debug|Any CPU.ActiveCfg = Debug|Any CPU
		{C614D08B-070B-48D6-A562-A0EA12F086C9}.Debug|Any CPU.Build.0 = Debug|Any CPU
		{C614D08B-070B-48D6-A562-A0EA12F086C9}.Release|Any CPU.ActiveCfg = Release|Any CPU
		{C614D08B-070B-48D6-A562-A0EA12F086C9}.Release|Any CPU.Build.0 = Release|Any CPU
		{C25DE4CA-F5CB-49EC-8B84-CE25672A1974}.Debug|Any CPU.ActiveCfg = Debug|Any CPU
		{C25DE4CA-F5CB-49EC-8B84-CE25672A1974}.Debug|Any CPU.Build.0 = Debug|Any CPU
		{C25DE4CA-F5CB-49EC-8B84-CE25672A1974}.Release|Any CPU.ActiveCfg = Release|Any CPU
		{C25DE4CA-F5CB-49EC-8B84-CE25672A1974}.Release|Any CPU.Build.0 = Release|Any CPU
		{407C959E-A9F3-41EF-8AD5-DCA433D5A681}.Debug|Any CPU.ActiveCfg = Debug|Any CPU
		{407C959E-A9F3-41EF-8AD5-DCA433D5A681}.Debug|Any CPU.Build.0 = Debug|Any CPU
		{407C959E-A9F3-41EF-8AD5-DCA433D5A681}.Release|Any CPU.ActiveCfg = Release|Any CPU
		{407C959E-A9F3-41EF-8AD5-DCA433D5A681}.Release|Any CPU.Build.0 = Release|Any CPU
	EndGlobalSection
	GlobalSection(SolutionProperties) = preSolution
		HideSolutionNode = FALSE
	EndGlobalSection
EndGlobal
